<?xml version="1.0" encoding="utf-8"?>
<Project ToolsVersion="4.0" xmlns="http://schemas.microsoft.com/developer/msbuild/2003">
  <ItemGroup>
    <ClCompile Include="sources\main.cpp" />
    <ClCompile Include="sources\ProgramingPatters\Builder\BuilderConcreto.cpp">
      <Filter>Source</Filter>
    </ClCompile>
  </ItemGroup>
  <ItemGroup>
    <ClInclude Include="include\GestorTickets.h" />
    <ClInclude Include="include\Prerequisites.h" />
    <ClInclude Include="include\Ticket.h" />
    <ClInclude Include="include\ProgrammingPatterns\Builder\Director.h">
      <Filter>Includes</Filter>
    </ClInclude>
    <ClInclude Include="include\ProgrammingPatterns\Builder\Producto.h">
      <Filter>Includes</Filter>
    </ClInclude>
    <ClInclude Include="include\ProgrammingPatterns\Adapter\Adaptador.h">
      <Filter>Includes\Adapter</Filter>
    </ClInclude>
    <ClInclude Include="include\ProgrammingPatterns\Adapter\InterfazNueva.h">
      <Filter>Includes\Adapter</Filter>
    </ClInclude>
    <ClInclude Include="include\ProgrammingPatterns\Adapter\InterfazVieja.h">
      <Filter>Includes\Adapter</Filter>
    </ClInclude>
    <ClInclude Include="include\ProgrammingPatterns\Decorator\Componente.h">
      <Filter>Includes\Decorador</Filter>
    </ClInclude>
    <ClInclude Include="include\ProgrammingPatterns\Decorator\ComponenteConcreto.h">
      <Filter>Includes\Decorador</Filter>
    </ClInclude>
    <ClInclude Include="include\ProgrammingPatterns\Builder\Builder.h">
      <Filter>Includes\Builder</Filter>
    </ClInclude>
    <ClInclude Include="include\ProgrammingPatterns\Builder\BuilderConcreto.h">
      <Filter>Includes\Builder</Filter>
    </ClInclude>
    <ClInclude Include="include\ProgrammingPatterns\Decorator\Decorador.h">
      <Filter>Includes\Decorador</Filter>
    </ClInclude>
    <ClInclude Include="include\ProgrammingPatterns\Decorator\DecoratorConcretoB.h">
      <Filter>Includes\Decorador</Filter>
    </ClInclude>
    <ClInclude Include="include\ProgrammingPatterns\Decorator\DecoratorConcretoA.h">
      <Filter>Includes\Decorador</Filter>
    </ClInclude>
  </ItemGroup>
  <ItemGroup>
    <Filter Include="Includes">
      <UniqueIdentifier>{7e125715-8c15-40db-a3d0-1e8462e57b92}</UniqueIdentifier>
    </Filter>
    <Filter Include="Source">
      <UniqueIdentifier>{673e0015-40c9-416b-b614-8e4d7d2abb95}</UniqueIdentifier>
    </Filter>
    <Filter Include="Includes\Adapter">
      <UniqueIdentifier>{97bc5478-19a8-4178-8bc5-6fd0ca1e3bf8}</UniqueIdentifier>
    </Filter>
    <Filter Include="Includes\Decorador">
      <UniqueIdentifier>{c6b4ad49-0ea0-4f37-9fa8-236acb57f022}</UniqueIdentifier>
    </Filter>
    <Filter Include="Includes\Builder">
      <UniqueIdentifier>{0ca929b3-3806-40fd-a9e7-0f58ca279b92}</UniqueIdentifier>
    </Filter>
  </ItemGroup>
</Project>